{
    "_readme": [
        "This file locks the dependencies of your project to a known state",
        "Read more about it at https://getcomposer.org/doc/01-basic-usage.md#installing-dependencies",
        "This file is @generated automatically"
    ],
    "content-hash": "28d64283dd352761784f9df592c89445",
    "packages": [],
    "packages-dev": [],
    "aliases": [],
    "minimum-stability": "alpha",
    "stability-flags": [],
    "prefer-stable": false,
    "prefer-lowest": false,
    "platform": {
        "php": ">=7.2.0",
        "ext-pdo_mysql": "^7.2",
        "ext-pdo": "^7.2"
    },
    "platform-dev": [],
    "plugin-api-version": "1.1.0"
}
